
Microsoft Visual Studio Solution File, Format Version 11.00
# Visual Studio 2010
Project("{8BC9CEB8-8B4A-11D0-8D11-00A0C91BC942}") = "CurPath", "CurPath\CurPath.vcxproj", "{CAFD99AD-7166-4C4D-B752-81D12D1F3F69}"
EndProject
Global
	GlobalSection(SolutionConfigurationPlatforms) = preSolution
		Debug|Win32 = Debug|Win32
		Release|Win32 = Release|Win32
	EndGlobalSection
	GlobalSection(ProjectConfigurationPlatforms) = postSolution
		{CAFD99AD-7166-4C4D-B752-81D12D1F3F69}.Debug|Win32.ActiveCfg = Debug|Win32
		{CAFD99AD-7166-4C4D-B752-81D12D1F3F69}.Debug|Win32.Build.0 = Debug|Win32
		{CAFD99AD-7166-4C4D-B752-81D12D1F3F69}.Release|Win32.ActiveCfg = Release|Win32
		{CAFD99AD-7166-4C4D-B752-81D12D1F3F69}.Release|Win32.Build.0 = Release|Win32
	EndGlobalSection
	GlobalSection(SolutionProperties) = preSolution
		HideSolutionNode = FALSE
	EndGlobalSection
EndGlobal
