
Microsoft Visual Studio Solution File, Format Version 12.00
# Visual Studio 15
VisualStudioVersion = 15.0.28010.2003
MinimumVisualStudioVersion = 10.0.40219.1
Project("{8BC9CEB8-8B4A-11D0-8D11-00A0C91BC942}") = "classdemo", "classdemo\classdemo.vcxproj", "{2E5D713B-5A91-4D71-A3D0-DDBB969966F7}"
EndProject
Global
	GlobalSection(SolutionConfigurationPlatforms) = preSolution
		Debug|x64 = Debug|x64
		Debug|x86 = Debug|x86
		Release|x64 = Release|x64
		Release|x86 = Release|x86
	EndGlobalSection
	GlobalSection(ProjectConfigurationPlatforms) = postSolution
		{2E5D713B-5A91-4D71-A3D0-DDBB969966F7}.Debug|x64.ActiveCfg = Debug|x64
		{2E5D713B-5A91-4D71-A3D0-DDBB969966F7}.Debug|x64.Build.0 = Debug|x64
		{2E5D713B-5A91-4D71-A3D0-DDBB969966F7}.Debug|x86.ActiveCfg = Debug|Win32
		{2E5D713B-5A91-4D71-A3D0-DDBB969966F7}.Debug|x86.Build.0 = Debug|Win32
		{2E5D713B-5A91-4D71-A3D0-DDBB969966F7}.Release|x64.ActiveCfg = Release|x64
		{2E5D713B-5A91-4D71-A3D0-DDBB969966F7}.Release|x64.Build.0 = Release|x64
		{2E5D713B-5A91-4D71-A3D0-DDBB969966F7}.Release|x86.ActiveCfg = Release|Win32
		{2E5D713B-5A91-4D71-A3D0-DDBB969966F7}.Release|x86.Build.0 = Release|Win32
	EndGlobalSection
	GlobalSection(SolutionProperties) = preSolution
		HideSolutionNode = FALSE
	EndGlobalSection
	GlobalSection(ExtensibilityGlobals) = postSolution
		SolutionGuid = {573F5EF5-8018-4234-8968-27B5BD4DDAE7}
	EndGlobalSection
EndGlobal
