
Microsoft Visual Studio Solution File, Format Version 10.00
# Visual Studio 2008
Project("{8BC9CEB8-8B4A-11D0-8D11-00A0C91BC942}") = "BorderShadowTest", "BorderShadowTest\BorderShadowTest.vcproj", "{19791F87-A92A-485E-88C2-B9B6B6F3764D}"
EndProject
Global
	GlobalSection(SolutionConfigurationPlatforms) = preSolution
		Debug|Win32 = Debug|Win32
		Release|Win32 = Release|Win32
	EndGlobalSection
	GlobalSection(ProjectConfigurationPlatforms) = postSolution
		{19791F87-A92A-485E-88C2-B9B6B6F3764D}.Debug|Win32.ActiveCfg = Debug|Win32
		{19791F87-A92A-485E-88C2-B9B6B6F3764D}.Debug|Win32.Build.0 = Debug|Win32
		{19791F87-A92A-485E-88C2-B9B6B6F3764D}.Release|Win32.ActiveCfg = Release|Win32
		{19791F87-A92A-485E-88C2-B9B6B6F3764D}.Release|Win32.Build.0 = Release|Win32
	EndGlobalSection
	GlobalSection(SolutionProperties) = preSolution
		HideSolutionNode = FALSE
	EndGlobalSection
EndGlobal
