
Microsoft Visual Studio Solution File, Format Version 11.00
# Visual Studio 2010
Project("{FAE04EC0-301F-11D3-BF4B-00C04F79EFBC}") = "TestXIBDLL", "TestXIBDLL.csproj", "{3836A4DA-CD88-46C9-85F6-56D513F2ACA0}"
EndProject
Project("{8BC9CEB8-8B4A-11D0-8D11-00A0C91BC942}") = "XIBCtrlCAPIDLL", "..\..\..\..\svn\EsSoftware\Projects\XIB\Trunk\Modules\XIBCtrl\XIBCtrlCAPIDLL\Projects\Windows\XIBCtrlCAPIDLL.vcxproj", "{1663C99F-72ED-4893-9015-5E2C1D64FE08}"
EndProject
Global
	GlobalSection(SolutionConfigurationPlatforms) = preSolution
		Debug|Win32 = Debug|Win32
		Debug|x64 = Debug|x64
		Debug|x86 = Debug|x86
		Release|Win32 = Release|Win32
		Release|x64 = Release|x64
		Release|x86 = Release|x86
	EndGlobalSection
	GlobalSection(ProjectConfigurationPlatforms) = postSolution
		{3836A4DA-CD88-46C9-85F6-56D513F2ACA0}.Debug|Win32.ActiveCfg = Debug|x64
		{3836A4DA-CD88-46C9-85F6-56D513F2ACA0}.Debug|x64.ActiveCfg = Debug|x64
		{3836A4DA-CD88-46C9-85F6-56D513F2ACA0}.Debug|x64.Build.0 = Debug|x64
		{3836A4DA-CD88-46C9-85F6-56D513F2ACA0}.Debug|x86.ActiveCfg = Debug|x86
		{3836A4DA-CD88-46C9-85F6-56D513F2ACA0}.Debug|x86.Build.0 = Debug|x86
		{3836A4DA-CD88-46C9-85F6-56D513F2ACA0}.Release|Win32.ActiveCfg = Release|x64
		{3836A4DA-CD88-46C9-85F6-56D513F2ACA0}.Release|x64.ActiveCfg = Release|x64
		{3836A4DA-CD88-46C9-85F6-56D513F2ACA0}.Release|x64.Build.0 = Release|x64
		{3836A4DA-CD88-46C9-85F6-56D513F2ACA0}.Release|x86.ActiveCfg = Release|x86
		{3836A4DA-CD88-46C9-85F6-56D513F2ACA0}.Release|x86.Build.0 = Release|x86
		{1663C99F-72ED-4893-9015-5E2C1D64FE08}.Debug|Win32.ActiveCfg = Debug|Win32
		{1663C99F-72ED-4893-9015-5E2C1D64FE08}.Debug|Win32.Build.0 = Debug|Win32
		{1663C99F-72ED-4893-9015-5E2C1D64FE08}.Debug|x64.ActiveCfg = Debug|x64
		{1663C99F-72ED-4893-9015-5E2C1D64FE08}.Debug|x64.Build.0 = Debug|x64
		{1663C99F-72ED-4893-9015-5E2C1D64FE08}.Debug|x86.ActiveCfg = Debug|x64
		{1663C99F-72ED-4893-9015-5E2C1D64FE08}.Release|Win32.ActiveCfg = Release|Win32
		{1663C99F-72ED-4893-9015-5E2C1D64FE08}.Release|Win32.Build.0 = Release|Win32
		{1663C99F-72ED-4893-9015-5E2C1D64FE08}.Release|x64.ActiveCfg = Release|x64
		{1663C99F-72ED-4893-9015-5E2C1D64FE08}.Release|x64.Build.0 = Release|x64
		{1663C99F-72ED-4893-9015-5E2C1D64FE08}.Release|x86.ActiveCfg = Release|x64
	EndGlobalSection
	GlobalSection(SolutionProperties) = preSolution
		HideSolutionNode = FALSE
	EndGlobalSection
EndGlobal
