
Microsoft Visual Studio Solution File, Format Version 10.00
# Visual Studio 2008
Project("{8BC9CEB8-8B4A-11D0-8D11-00A0C91BC942}") = "HelloWorld", "HelloWorld.vcproj", "{614612BE-C164-4E87-86F1-B0D452B176E8}"
EndProject
Global
	GlobalSection(SolutionConfigurationPlatforms) = preSolution
		Debug|Win32 = Debug|Win32
		Release|Win32 = Release|Win32
	EndGlobalSection
	GlobalSection(ProjectConfigurationPlatforms) = postSolution
		{614612BE-C164-4E87-86F1-B0D452B176E8}.Debug|Win32.ActiveCfg = Debug|Win32
		{614612BE-C164-4E87-86F1-B0D452B176E8}.Debug|Win32.Build.0 = Debug|Win32
		{614612BE-C164-4E87-86F1-B0D452B176E8}.Release|Win32.ActiveCfg = Release|Win32
		{614612BE-C164-4E87-86F1-B0D452B176E8}.Release|Win32.Build.0 = Release|Win32
	EndGlobalSection
	GlobalSection(SolutionProperties) = preSolution
		HideSolutionNode = FALSE
	EndGlobalSection
EndGlobal
